
Microsoft Visual Studio Solution File, Format Version 12.00
# Visual Studio 15
VisualStudioVersion = 15.0.28010.2050
MinimumVisualStudioVersion = 10.0.40219.1
Project("{2150E333-8FDC-42A3-9474-1A3956D46DE8}") = "Src", "Src", "{BA7DCFEE-5B7C-444F-AB6E-D13B1B8C8FF5}"
EndProject
Project("{2150E333-8FDC-42A3-9474-1A3956D46DE8}") = "Core", "Core", "{D345C518-EBBF-4685-9AB9-851CE6ECC3AD}"
EndProject
Project("{2150E333-8FDC-42A3-9474-1A3956D46DE8}") = "Common", "Common", "{FD3C8209-4AE1-4405-BC35-475A7F4F58B4}"
EndProject
Project("{2150E333-8FDC-42A3-9474-1A3956D46DE8}") = "Infraestructure", "Infraestructure", "{7F4DA154-6E75-4415-81BE-898D2B2EA3D7}"
EndProject
Project("{2150E333-8FDC-42A3-9474-1A3956D46DE8}") = "Presentation", "Presentation", "{B2159A95-A3E7-4DA9-AD78-7FC725625775}"
EndProject
Project("{2150E333-8FDC-42A3-9474-1A3956D46DE8}") = "Tests", "Tests", "{197C915A-651E-44BF-825D-D656E16932BF}"
EndProject
Project("{2150E333-8FDC-42A3-9474-1A3956D46DE8}") = "Docs", "Docs", "{FDE2281F-85EB-4F9B-B9D7-F8D9D95C62AA}"
	ProjectSection(SolutionItems) = preProject
		Readme.md = Readme.md
	EndProjectSection
EndProject
Project("{9A19103F-16F7-4668-BE54-9A1E7A4F7556}") = "Truck.Application", "Truck.Application\Truck.Application.csproj", "{A3018F11-F4FC-4697-9C4E-CB42E63D1EB6}"
EndProject
Project("{9A19103F-16F7-4668-BE54-9A1E7A4F7556}") = "Truck.Domain", "Truck.Domain\Truck.Domain\Truck.Domain.csproj", "{6DC7A9EF-B014-4B0D-A8F2-7B431F5A9424}"
EndProject
Project("{FAE04EC0-301F-11D3-BF4B-00C04F79EFBC}") = "Truck.Infrastructure", "Truck.Infrastructure\Truck.Infrastructure.csproj", "{3ED89636-4A22-43F0-8FF2-8CD6281D6C1B}"
EndProject
Project("{FAE04EC0-301F-11D3-BF4B-00C04F79EFBC}") = "Truck.Persistence", "Truck.Persistence\Truck.Persistence.csproj", "{8EB3D6C8-D480-48C2-977A-BDD26724F5D6}"
EndProject
Project("{FAE04EC0-301F-11D3-BF4B-00C04F79EFBC}") = "Truck.Common", "Truck.Common\Truck.Common.csproj", "{3F80B1EC-9E80-4072-ADDB-BB52EC612D1A}"
EndProject
Project("{FAE04EC0-301F-11D3-BF4B-00C04F79EFBC}") = "Truck.WebUI", "Truck.WebUI\Truck.WebUI.csproj", "{29826D5A-CD63-446A-B2DE-9563AB098D92}"
EndProject
Global
	GlobalSection(SolutionConfigurationPlatforms) = preSolution
		Debug|Any CPU = Debug|Any CPU
		Release|Any CPU = Release|Any CPU
	EndGlobalSection
	GlobalSection(ProjectConfigurationPlatforms) = postSolution
		{A3018F11-F4FC-4697-9C4E-CB42E63D1EB6}.Debug|Any CPU.ActiveCfg = Debug|Any CPU
		{A3018F11-F4FC-4697-9C4E-CB42E63D1EB6}.Debug|Any CPU.Build.0 = Debug|Any CPU
		{A3018F11-F4FC-4697-9C4E-CB42E63D1EB6}.Release|Any CPU.ActiveCfg = Release|Any CPU
		{A3018F11-F4FC-4697-9C4E-CB42E63D1EB6}.Release|Any CPU.Build.0 = Release|Any CPU
		{6DC7A9EF-B014-4B0D-A8F2-7B431F5A9424}.Debug|Any CPU.ActiveCfg = Debug|Any CPU
		{6DC7A9EF-B014-4B0D-A8F2-7B431F5A9424}.Debug|Any CPU.Build.0 = Debug|Any CPU
		{6DC7A9EF-B014-4B0D-A8F2-7B431F5A9424}.Release|Any CPU.ActiveCfg = Release|Any CPU
		{6DC7A9EF-B014-4B0D-A8F2-7B431F5A9424}.Release|Any CPU.Build.0 = Release|Any CPU
		{3ED89636-4A22-43F0-8FF2-8CD6281D6C1B}.Debug|Any CPU.ActiveCfg = Debug|Any CPU
		{3ED89636-4A22-43F0-8FF2-8CD6281D6C1B}.Debug|Any CPU.Build.0 = Debug|Any CPU
		{3ED89636-4A22-43F0-8FF2-8CD6281D6C1B}.Release|Any CPU.ActiveCfg = Release|Any CPU
		{3ED89636-4A22-43F0-8FF2-8CD6281D6C1B}.Release|Any CPU.Build.0 = Release|Any CPU
		{8EB3D6C8-D480-48C2-977A-BDD26724F5D6}.Debug|Any CPU.ActiveCfg = Debug|Any CPU
		{8EB3D6C8-D480-48C2-977A-BDD26724F5D6}.Debug|Any CPU.Build.0 = Debug|Any CPU
		{8EB3D6C8-D480-48C2-977A-BDD26724F5D6}.Release|Any CPU.ActiveCfg = Release|Any CPU
		{8EB3D6C8-D480-48C2-977A-BDD26724F5D6}.Release|Any CPU.Build.0 = Release|Any CPU
		{3F80B1EC-9E80-4072-ADDB-BB52EC612D1A}.Debug|Any CPU.ActiveCfg = Debug|Any CPU
		{3F80B1EC-9E80-4072-ADDB-BB52EC612D1A}.Debug|Any CPU.Build.0 = Debug|Any CPU
		{3F80B1EC-9E80-4072-ADDB-BB52EC612D1A}.Release|Any CPU.ActiveCfg = Release|Any CPU
		{3F80B1EC-9E80-4072-ADDB-BB52EC612D1A}.Release|Any CPU.Build.0 = Release|Any CPU
		{29826D5A-CD63-446A-B2DE-9563AB098D92}.Debug|Any CPU.ActiveCfg = Debug|Any CPU
		{29826D5A-CD63-446A-B2DE-9563AB098D92}.Debug|Any CPU.Build.0 = Debug|Any CPU
		{29826D5A-CD63-446A-B2DE-9563AB098D92}.Release|Any CPU.ActiveCfg = Release|Any CPU
		{29826D5A-CD63-446A-B2DE-9563AB098D92}.Release|Any CPU.Build.0 = Release|Any CPU
	EndGlobalSection
	GlobalSection(SolutionProperties) = preSolution
		HideSolutionNode = FALSE
	EndGlobalSection
	GlobalSection(NestedProjects) = preSolution
		{D345C518-EBBF-4685-9AB9-851CE6ECC3AD} = {BA7DCFEE-5B7C-444F-AB6E-D13B1B8C8FF5}
		{FD3C8209-4AE1-4405-BC35-475A7F4F58B4} = {BA7DCFEE-5B7C-444F-AB6E-D13B1B8C8FF5}
		{7F4DA154-6E75-4415-81BE-898D2B2EA3D7} = {BA7DCFEE-5B7C-444F-AB6E-D13B1B8C8FF5}
		{B2159A95-A3E7-4DA9-AD78-7FC725625775} = {BA7DCFEE-5B7C-444F-AB6E-D13B1B8C8FF5}
		{A3018F11-F4FC-4697-9C4E-CB42E63D1EB6} = {D345C518-EBBF-4685-9AB9-851CE6ECC3AD}
		{6DC7A9EF-B014-4B0D-A8F2-7B431F5A9424} = {D345C518-EBBF-4685-9AB9-851CE6ECC3AD}
		{3ED89636-4A22-43F0-8FF2-8CD6281D6C1B} = {7F4DA154-6E75-4415-81BE-898D2B2EA3D7}
		{8EB3D6C8-D480-48C2-977A-BDD26724F5D6} = {7F4DA154-6E75-4415-81BE-898D2B2EA3D7}
		{3F80B1EC-9E80-4072-ADDB-BB52EC612D1A} = {FD3C8209-4AE1-4405-BC35-475A7F4F58B4}
		{29826D5A-CD63-446A-B2DE-9563AB098D92} = {B2159A95-A3E7-4DA9-AD78-7FC725625775}
	EndGlobalSection
	GlobalSection(ExtensibilityGlobals) = postSolution
		SolutionGuid = {248C0163-9AD2-499C-8135-C3521FCFD0FC}
	EndGlobalSection
EndGlobal
